
Microsoft Visual Studio Solution File, Format Version 12.00
# Visual Studio Version 17
VisualStudioVersion = 17.7.34221.43
MinimumVisualStudioVersion = 10.0.40219.1
Project("{9A19103F-16F7-4668-BE54-9A1E7A4F7556}") = "Bonds.Core", "Bonds.Core\Bonds.Core.csproj", "{7765B24F-22EA-4D2F-84EB-DB20B373C2F6}"
EndProject
Project("{2150E333-8FDC-42A3-9474-1A3956D46DE8}") = "tests", "tests", "{7D6F37CF-36BC-4F4B-9BAE-03204C556F2F}"
EndProject
Project("{2150E333-8FDC-42A3-9474-1A3956D46DE8}") = "src", "src", "{9002B147-D758-43E4-BAA7-34EC83E3A694}"
EndProject
Project("{9A19103F-16F7-4668-BE54-9A1E7A4F7556}") = "Bonds.Core.Tests", "Bonds.Core.Tests\Bonds.Core.Tests.csproj", "{72D3E0A2-E43C-47EC-89AB-8FD20669E5AB}"
EndProject
Project("{9A19103F-16F7-4668-BE54-9A1E7A4F7556}") = "Bonds.Common", "Bonds.Common\Bonds.Common.csproj", "{92727D96-8A19-4A9E-8D2C-85D9E24F50B0}"
EndProject
Project("{9A19103F-16F7-4668-BE54-9A1E7A4F7556}") = "Bonds.App.Api", "Bonds.App.Api\Bonds.App.Api.csproj", "{8C481BBE-77BC-4602-8BA4-A3B246B1A9D1}"
EndProject
Project("{9A19103F-16F7-4668-BE54-9A1E7A4F7556}") = "Bonds.DataProvider", "Bonds.DataProvider\Bonds.DataProvider.csproj", "{F136B687-B676-4DBE-B0B2-3701F3030420}"
EndProject
Project("{FAE04EC0-301F-11D3-BF4B-00C04F79EFBC}") = "Bonds.DataProvider.Tests", "Bonds.DataProvider.Tests\Bonds.DataProvider.Tests.csproj", "{F5CB6A74-3569-4161-BC79-53C969F2C34C}"
EndProject
Global
	GlobalSection(SolutionConfigurationPlatforms) = preSolution
		Debug|Any CPU = Debug|Any CPU
		Release|Any CPU = Release|Any CPU
	EndGlobalSection
	GlobalSection(ProjectConfigurationPlatforms) = postSolution
		{7765B24F-22EA-4D2F-84EB-DB20B373C2F6}.Debug|Any CPU.ActiveCfg = Debug|Any CPU
		{7765B24F-22EA-4D2F-84EB-DB20B373C2F6}.Debug|Any CPU.Build.0 = Debug|Any CPU
		{7765B24F-22EA-4D2F-84EB-DB20B373C2F6}.Release|Any CPU.ActiveCfg = Release|Any CPU
		{7765B24F-22EA-4D2F-84EB-DB20B373C2F6}.Release|Any CPU.Build.0 = Release|Any CPU
		{72D3E0A2-E43C-47EC-89AB-8FD20669E5AB}.Debug|Any CPU.ActiveCfg = Debug|Any CPU
		{72D3E0A2-E43C-47EC-89AB-8FD20669E5AB}.Debug|Any CPU.Build.0 = Debug|Any CPU
		{72D3E0A2-E43C-47EC-89AB-8FD20669E5AB}.Release|Any CPU.ActiveCfg = Release|Any CPU
		{72D3E0A2-E43C-47EC-89AB-8FD20669E5AB}.Release|Any CPU.Build.0 = Release|Any CPU
		{92727D96-8A19-4A9E-8D2C-85D9E24F50B0}.Debug|Any CPU.ActiveCfg = Debug|Any CPU
		{92727D96-8A19-4A9E-8D2C-85D9E24F50B0}.Debug|Any CPU.Build.0 = Debug|Any CPU
		{92727D96-8A19-4A9E-8D2C-85D9E24F50B0}.Release|Any CPU.ActiveCfg = Release|Any CPU
		{92727D96-8A19-4A9E-8D2C-85D9E24F50B0}.Release|Any CPU.Build.0 = Release|Any CPU
		{8C481BBE-77BC-4602-8BA4-A3B246B1A9D1}.Debug|Any CPU.ActiveCfg = Debug|Any CPU
		{8C481BBE-77BC-4602-8BA4-A3B246B1A9D1}.Debug|Any CPU.Build.0 = Debug|Any CPU
		{8C481BBE-77BC-4602-8BA4-A3B246B1A9D1}.Release|Any CPU.ActiveCfg = Release|Any CPU
		{8C481BBE-77BC-4602-8BA4-A3B246B1A9D1}.Release|Any CPU.Build.0 = Release|Any CPU
		{F136B687-B676-4DBE-B0B2-3701F3030420}.Debug|Any CPU.ActiveCfg = Debug|Any CPU
		{F136B687-B676-4DBE-B0B2-3701F3030420}.Debug|Any CPU.Build.0 = Debug|Any CPU
		{F136B687-B676-4DBE-B0B2-3701F3030420}.Release|Any CPU.ActiveCfg = Release|Any CPU
		{F136B687-B676-4DBE-B0B2-3701F3030420}.Release|Any CPU.Build.0 = Release|Any CPU
		{F5CB6A74-3569-4161-BC79-53C969F2C34C}.Debug|Any CPU.ActiveCfg = Debug|Any CPU
		{F5CB6A74-3569-4161-BC79-53C969F2C34C}.Debug|Any CPU.Build.0 = Debug|Any CPU
		{F5CB6A74-3569-4161-BC79-53C969F2C34C}.Release|Any CPU.ActiveCfg = Release|Any CPU
		{F5CB6A74-3569-4161-BC79-53C969F2C34C}.Release|Any CPU.Build.0 = Release|Any CPU
	EndGlobalSection
	GlobalSection(SolutionProperties) = preSolution
		HideSolutionNode = FALSE
	EndGlobalSection
	GlobalSection(NestedProjects) = preSolution
		{7765B24F-22EA-4D2F-84EB-DB20B373C2F6} = {9002B147-D758-43E4-BAA7-34EC83E3A694}
		{72D3E0A2-E43C-47EC-89AB-8FD20669E5AB} = {7D6F37CF-36BC-4F4B-9BAE-03204C556F2F}
		{92727D96-8A19-4A9E-8D2C-85D9E24F50B0} = {9002B147-D758-43E4-BAA7-34EC83E3A694}
		{8C481BBE-77BC-4602-8BA4-A3B246B1A9D1} = {9002B147-D758-43E4-BAA7-34EC83E3A694}
		{F136B687-B676-4DBE-B0B2-3701F3030420} = {9002B147-D758-43E4-BAA7-34EC83E3A694}
		{F5CB6A74-3569-4161-BC79-53C969F2C34C} = {7D6F37CF-36BC-4F4B-9BAE-03204C556F2F}
	EndGlobalSection
	GlobalSection(ExtensibilityGlobals) = postSolution
		SolutionGuid = {DCF274ED-AF10-41F3-AD7D-77531927095F}
	EndGlobalSection
EndGlobal
